
Microsoft Visual Studio Solution File, Format Version 12.00
# Visual Studio Version 16
VisualStudioVersion = 16.0.30225.117
MinimumVisualStudioVersion = 10.0.40219.1
Project("{FAE04EC0-301F-11D3-BF4B-00C04F79EFBC}") = "Matrix-Multiplicator", "Matrix-Multiplicator.csproj", "{BF62D0EA-1EAB-4770-9EC5-0BA565D7F54A}"
EndProject
Global
	GlobalSection(SolutionConfigurationPlatforms) = preSolution
		Debug|Any CPU = Debug|Any CPU
		Release|Any CPU = Release|Any CPU
	EndGlobalSection
	GlobalSection(ProjectConfigurationPlatforms) = postSolution
		{BF62D0EA-1EAB-4770-9EC5-0BA565D7F54A}.Debug|Any CPU.ActiveCfg = Debug|Any CPU
		{BF62D0EA-1EAB-4770-9EC5-0BA565D7F54A}.Debug|Any CPU.Build.0 = Debug|Any CPU
		{BF62D0EA-1EAB-4770-9EC5-0BA565D7F54A}.Release|Any CPU.ActiveCfg = Release|Any CPU
		{BF62D0EA-1EAB-4770-9EC5-0BA565D7F54A}.Release|Any CPU.Build.0 = Release|Any CPU
	EndGlobalSection
	GlobalSection(SolutionProperties) = preSolution
		HideSolutionNode = FALSE
	EndGlobalSection
	GlobalSection(ExtensibilityGlobals) = postSolution
		SolutionGuid = {567D49D0-8CC4-433C-B337-B44BB2155BB8}
	EndGlobalSection
EndGlobal
